
Microsoft Visual Studio Solution File, Format Version 12.00
# Visual Studio Version 17
VisualStudioVersion = 17.6.33829.357
MinimumVisualStudioVersion = 10.0.40219.1
Project("{FAE04EC0-301F-11D3-BF4B-00C04F79EFBC}") = "Switch", "Switch\Switch.csproj", "{71C01D30-3572-4FBA-B024-82DE1C5988FB}"
EndProject
Global
	GlobalSection(SolutionConfigurationPlatforms) = preSolution
		Debug|Any CPU = Debug|Any CPU
		Release|Any CPU = Release|Any CPU
	EndGlobalSection
	GlobalSection(ProjectConfigurationPlatforms) = postSolution
		{71C01D30-3572-4FBA-B024-82DE1C5988FB}.Debug|Any CPU.ActiveCfg = Debug|Any CPU
		{71C01D30-3572-4FBA-B024-82DE1C5988FB}.Debug|Any CPU.Build.0 = Debug|Any CPU
		{71C01D30-3572-4FBA-B024-82DE1C5988FB}.Release|Any CPU.ActiveCfg = Release|Any CPU
		{71C01D30-3572-4FBA-B024-82DE1C5988FB}.Release|Any CPU.Build.0 = Release|Any CPU
	EndGlobalSection
	GlobalSection(SolutionProperties) = preSolution
		HideSolutionNode = FALSE
	EndGlobalSection
	GlobalSection(ExtensibilityGlobals) = postSolution
		SolutionGuid = {F788DEAC-3E3B-4BAC-BE5F-391A4107B320}
	EndGlobalSection
EndGlobal
